
Microsoft Visual Studio Solution File, Format Version 12.00
# Visual Studio Version 17
VisualStudioVersion = 17.5.002.0
MinimumVisualStudioVersion = 10.0.40219.1
Project("{9A19103F-16F7-4668-BE54-9A1E7A4F7556}") = "16. C#", "16. C#.csproj", "{AF5B0A25-8658-435E-9AE8-20650CF2CBF9}"
EndProject
Global
	GlobalSection(SolutionConfigurationPlatforms) = preSolution
		Debug|Any CPU = Debug|Any CPU
		Release|Any CPU = Release|Any CPU
	EndGlobalSection
	GlobalSection(ProjectConfigurationPlatforms) = postSolution
		{AF5B0A25-8658-435E-9AE8-20650CF2CBF9}.Debug|Any CPU.ActiveCfg = Debug|Any CPU
		{AF5B0A25-8658-435E-9AE8-20650CF2CBF9}.Debug|Any CPU.Build.0 = Debug|Any CPU
		{AF5B0A25-8658-435E-9AE8-20650CF2CBF9}.Release|Any CPU.ActiveCfg = Release|Any CPU
		{AF5B0A25-8658-435E-9AE8-20650CF2CBF9}.Release|Any CPU.Build.0 = Release|Any CPU
	EndGlobalSection
	GlobalSection(SolutionProperties) = preSolution
		HideSolutionNode = FALSE
	EndGlobalSection
	GlobalSection(ExtensibilityGlobals) = postSolution
		SolutionGuid = {82641172-1377-41F5-BB55-F19E3419EE73}
	EndGlobalSection
EndGlobal
